
Microsoft Visual Studio Solution File, Format Version 12.00
# Visual Studio Version 16
VisualStudioVersion = 16.0.31624.102
MinimumVisualStudioVersion = 10.0.40219.1
Project("{FAE04EC0-301F-11D3-BF4B-00C04F79EFBC}") = "Gambler", "Gambler\Gambler.csproj", "{63A2FDBF-A19A-4EEF-B766-B79CFC3E5CDA}"
EndProject
Global
	GlobalSection(SolutionConfigurationPlatforms) = preSolution
		Debug|Any CPU = Debug|Any CPU
		Release|Any CPU = Release|Any CPU
	EndGlobalSection
	GlobalSection(ProjectConfigurationPlatforms) = postSolution
		{63A2FDBF-A19A-4EEF-B766-B79CFC3E5CDA}.Debug|Any CPU.ActiveCfg = Debug|Any CPU
		{63A2FDBF-A19A-4EEF-B766-B79CFC3E5CDA}.Debug|Any CPU.Build.0 = Debug|Any CPU
		{63A2FDBF-A19A-4EEF-B766-B79CFC3E5CDA}.Release|Any CPU.ActiveCfg = Release|Any CPU
		{63A2FDBF-A19A-4EEF-B766-B79CFC3E5CDA}.Release|Any CPU.Build.0 = Release|Any CPU
	EndGlobalSection
	GlobalSection(SolutionProperties) = preSolution
		HideSolutionNode = FALSE
	EndGlobalSection
	GlobalSection(ExtensibilityGlobals) = postSolution
		SolutionGuid = {2A4EC444-A0F2-4F62-AC62-E5C351156972}
	EndGlobalSection
EndGlobal
